
Microsoft Visual Studio Solution File, Format Version 12.00
# Visual Studio Version 17
VisualStudioVersion = 17.0.31903.59
MinimumVisualStudioVersion = 10.0.40219.1
Project("{2150E333-8FDC-42A3-9474-1A3956D46DE8}") = "services", "services", "{0B775D41-E280-483D-9588-7251BB91B8FE}"
EndProject
Project("{FAE04EC0-301F-11D3-BF4B-00C04F79EFBC}") = "Inventory.Api", "services\Inventory.Api\Inventory.Api.csproj", "{E71AECC1-EFA3-46D5-BBC8-2260E44C7192}"
EndProject
Project("{FAE04EC0-301F-11D3-BF4B-00C04F79EFBC}") = "Billing.Api", "services\Billing.Api\Billing.Api.csproj", "{EA6CE5C2-FD53-4257-8368-E80F3704F9BA}"
EndProject
Global
	GlobalSection(SolutionConfigurationPlatforms) = preSolution
		Debug|Any CPU = Debug|Any CPU
		Release|Any CPU = Release|Any CPU
	EndGlobalSection
	GlobalSection(SolutionProperties) = preSolution
		HideSolutionNode = FALSE
	EndGlobalSection
	GlobalSection(ProjectConfigurationPlatforms) = postSolution
		{E71AECC1-EFA3-46D5-BBC8-2260E44C7192}.Debug|Any CPU.ActiveCfg = Debug|Any CPU
		{E71AECC1-EFA3-46D5-BBC8-2260E44C7192}.Debug|Any CPU.Build.0 = Debug|Any CPU
		{E71AECC1-EFA3-46D5-BBC8-2260E44C7192}.Release|Any CPU.ActiveCfg = Release|Any CPU
		{E71AECC1-EFA3-46D5-BBC8-2260E44C7192}.Release|Any CPU.Build.0 = Release|Any CPU
		{EA6CE5C2-FD53-4257-8368-E80F3704F9BA}.Debug|Any CPU.ActiveCfg = Debug|Any CPU
		{EA6CE5C2-FD53-4257-8368-E80F3704F9BA}.Debug|Any CPU.Build.0 = Debug|Any CPU
		{EA6CE5C2-FD53-4257-8368-E80F3704F9BA}.Release|Any CPU.ActiveCfg = Release|Any CPU
		{EA6CE5C2-FD53-4257-8368-E80F3704F9BA}.Release|Any CPU.Build.0 = Release|Any CPU
	EndGlobalSection
	GlobalSection(NestedProjects) = preSolution
		{E71AECC1-EFA3-46D5-BBC8-2260E44C7192} = {0B775D41-E280-483D-9588-7251BB91B8FE}
		{EA6CE5C2-FD53-4257-8368-E80F3704F9BA} = {0B775D41-E280-483D-9588-7251BB91B8FE}
	EndGlobalSection
EndGlobal
